
Microsoft Visual Studio Solution File, Format Version 12.00
# Visual Studio Version 16
VisualStudioVersion = 16.0.29009.5
MinimumVisualStudioVersion = 10.0.40219.1
Project("{FAE04EC0-301F-11D3-BF4B-00C04F79EFBC}") = "progect", "progect\progect.csproj", "{90001C0B-BDAD-4238-A017-86DA23389C5A}"
EndProject
Global
	GlobalSection(SolutionConfigurationPlatforms) = preSolution
		Debug|Any CPU = Debug|Any CPU
		Release|Any CPU = Release|Any CPU
	EndGlobalSection
	GlobalSection(ProjectConfigurationPlatforms) = postSolution
		{90001C0B-BDAD-4238-A017-86DA23389C5A}.Debug|Any CPU.ActiveCfg = Debug|Any CPU
		{90001C0B-BDAD-4238-A017-86DA23389C5A}.Debug|Any CPU.Build.0 = Debug|Any CPU
		{90001C0B-BDAD-4238-A017-86DA23389C5A}.Release|Any CPU.ActiveCfg = Release|Any CPU
		{90001C0B-BDAD-4238-A017-86DA23389C5A}.Release|Any CPU.Build.0 = Release|Any CPU
	EndGlobalSection
	GlobalSection(SolutionProperties) = preSolution
		HideSolutionNode = FALSE
	EndGlobalSection
	GlobalSection(ExtensibilityGlobals) = postSolution
		SolutionGuid = {53CB89BF-408E-412B-98F4-BA32685215B3}
	EndGlobalSection
EndGlobal
